
Microsoft Visual Studio Solution File, Format Version 12.00
# Visual Studio Version 17
VisualStudioVersion = 17.10.35013.160
MinimumVisualStudioVersion = 10.0.40219.1
Project("{FAE04EC0-301F-11D3-BF4B-00C04F79EFBC}") = "WinFormsApp1", "WinFormsApp1\WinFormsApp1.csproj", "{22333064-296A-4A4A-99D5-5FC9F786FC88}"
EndProject
Global
	GlobalSection(SolutionConfigurationPlatforms) = preSolution
		Debug|Any CPU = Debug|Any CPU
		Release|Any CPU = Release|Any CPU
	EndGlobalSection
	GlobalSection(ProjectConfigurationPlatforms) = postSolution
		{22333064-296A-4A4A-99D5-5FC9F786FC88}.Debug|Any CPU.ActiveCfg = Debug|Any CPU
		{22333064-296A-4A4A-99D5-5FC9F786FC88}.Debug|Any CPU.Build.0 = Debug|Any CPU
		{22333064-296A-4A4A-99D5-5FC9F786FC88}.Release|Any CPU.ActiveCfg = Release|Any CPU
		{22333064-296A-4A4A-99D5-5FC9F786FC88}.Release|Any CPU.Build.0 = Release|Any CPU
	EndGlobalSection
	GlobalSection(SolutionProperties) = preSolution
		HideSolutionNode = FALSE
	EndGlobalSection
	GlobalSection(ExtensibilityGlobals) = postSolution
		SolutionGuid = {744075AD-0DDC-4BC8-A73E-F9253E1BC73E}
	EndGlobalSection
EndGlobal
